// !$*UTF8*$!
{
	archiveVersion = 1;
	classes = {
	};
	objectVersion = 55;
	objects = {

/* Begin PBXBuildFile section */
		850E8B66283A845D001C1484 /* Development.xcconfig in Resources */ = {isa = PBXBuildFile; fileRef = 850E8B64283A845D001C1484 /* Development.xcconfig */; };
		850E8B67283A845D001C1484 /* Production.xcconfig in Resources */ = {isa = PBXBuildFile; fileRef = 850E8B65283A845D001C1484 /* Production.xcconfig */; };
		850E8B6B283A84F3001C1484 /* Configuration.swift in Sources */ = {isa = PBXBuildFile; fileRef = 850E8B6A283A84F3001C1484 /* Configuration.swift */; };
		851F9E12283A8FBB00AB8F13 /* ScheduleService.swift in Sources */ = {isa = PBXBuildFile; fileRef = 851F9E11283A8FBB00AB8F13 /* ScheduleService.swift */; };
		851F9E15283AA3C500AB8F13 /* TransportStopDTO.swift in Sources */ = {isa = PBXBuildFile; fileRef = 851F9E14283AA3C500AB8F13 /* TransportStopDTO.swift */; };
		851F9E17283AA3EA00AB8F13 /* ArrivalDTO.swift in Sources */ = {isa = PBXBuildFile; fileRef = 851F9E16283AA3EA00AB8F13 /* ArrivalDTO.swift */; };
		851F9E19283AA46000AB8F13 /* StopArrivalsDTO.swift in Sources */ = {isa = PBXBuildFile; fileRef = 851F9E18283AA46000AB8F13 /* StopArrivalsDTO.swift */; };
		85A97F7C283A4C6800937BCB /* IzhTransportApp.swift in Sources */ = {isa = PBXBuildFile; fileRef = 85A97F7B283A4C6800937BCB /* IzhTransportApp.swift */; };
		85A97F7E283A4C6800937BCB /* ContentView.swift in Sources */ = {isa = PBXBuildFile; fileRef = 85A97F7D283A4C6800937BCB /* ContentView.swift */; };
		85A97F80283A4C6B00937BCB /* Assets.xcassets in Resources */ = {isa = PBXBuildFile; fileRef = 85A97F7F283A4C6B00937BCB /* Assets.xcassets */; };
		85A97F83283A4C6B00937BCB /* Preview Assets.xcassets in Resources */ = {isa = PBXBuildFile; fileRef = 85A97F82283A4C6B00937BCB /* Preview Assets.xcassets */; };
		85F2B051283A586100800B72 /* Enums.swift in Sources */ = {isa = PBXBuildFile; fileRef = 85F2B050283A586100800B72 /* Enums.swift */; };
		85F2B053283A591500800B72 /* Arrival.swift in Sources */ = {isa = PBXBuildFile; fileRef = 85F2B052283A591500800B72 /* Arrival.swift */; };
		85F2B055283A597D00800B72 /* StopArrivals.swift in Sources */ = {isa = PBXBuildFile; fileRef = 85F2B054283A597D00800B72 /* StopArrivals.swift */; };
		85F2B057283A59B300800B72 /* TransportRoute.swift in Sources */ = {isa = PBXBuildFile; fileRef = 85F2B056283A59B300800B72 /* TransportRoute.swift */; };
		85F2B059283A59E100800B72 /* TransportStop.swift in Sources */ = {isa = PBXBuildFile; fileRef = 85F2B058283A59E100800B72 /* TransportStop.swift */; };
/* End PBXBuildFile section */

/* Begin PBXFileReference section */
		850E8B64283A845D001C1484 /* Development.xcconfig */ = {isa = PBXFileReference; fileEncoding = 4; lastKnownFileType = text.xcconfig; path = Development.xcconfig; sourceTree = "<group>"; };
		850E8B65283A845D001C1484 /* Production.xcconfig */ = {isa = PBXFileReference; fileEncoding = 4; lastKnownFileType = text.xcconfig; path = Production.xcconfig; sourceTree = "<group>"; };
		850E8B68283A847A001C1484 /* Info.plist */ = {isa = PBXFileReference; lastKnownFileType = text.plist; path = Info.plist; sourceTree = "<group>"; };
		850E8B6A283A84F3001C1484 /* Configuration.swift */ = {isa = PBXFileReference; lastKnownFileType = sourcecode.swift; path = Configuration.swift; sourceTree = "<group>"; };
		851F9E11283A8FBB00AB8F13 /* ScheduleService.swift */ = {isa = PBXFileReference; lastKnownFileType = sourcecode.swift; path = ScheduleService.swift; sourceTree = SOURCE_ROOT; };
		851F9E14283AA3C500AB8F13 /* TransportStopDTO.swift */ = {isa = PBXFileReference; lastKnownFileType = sourcecode.swift; path = TransportStopDTO.swift; sourceTree = "<group>"; };
		851F9E16283AA3EA00AB8F13 /* ArrivalDTO.swift */ = {isa = PBXFileReference; lastKnownFileType = sourcecode.swift; path = ArrivalDTO.swift; sourceTree = "<group>"; };
		851F9E18283AA46000AB8F13 /* StopArrivalsDTO.swift */ = {isa = PBXFileReference; lastKnownFileType = sourcecode.swift; path = StopArrivalsDTO.swift; sourceTree = "<group>"; };
		85A97F78283A4C6800937BCB /* IzhTransport.app */ = {isa = PBXFileReference; explicitFileType = wrapper.application; includeInIndex = 0; path = IzhTransport.app; sourceTree = BUILT_PRODUCTS_DIR; };
		85A97F7B283A4C6800937BCB /* IzhTransportApp.swift */ = {isa = PBXFileReference; lastKnownFileType = sourcecode.swift; path = IzhTransportApp.swift; sourceTree = "<group>"; };
		85A97F7D283A4C6800937BCB /* ContentView.swift */ = {isa = PBXFileReference; lastKnownFileType = sourcecode.swift; path = ContentView.swift; sourceTree = "<group>"; };
		85A97F7F283A4C6B00937BCB /* Assets.xcassets */ = {isa = PBXFileReference; lastKnownFileType = folder.assetcatalog; path = Assets.xcassets; sourceTree = "<group>"; };
		85A97F82283A4C6B00937BCB /* Preview Assets.xcassets */ = {isa = PBXFileReference; lastKnownFileType = folder.assetcatalog; path = "Preview Assets.xcassets"; sourceTree = "<group>"; };
		85F2B050283A586100800B72 /* Enums.swift */ = {isa = PBXFileReference; lastKnownFileType = sourcecode.swift; path = Enums.swift; sourceTree = "<group>"; };
		85F2B052283A591500800B72 /* Arrival.swift */ = {isa = PBXFileReference; lastKnownFileType = sourcecode.swift; path = Arrival.swift; sourceTree = "<group>"; };
		85F2B054283A597D00800B72 /* StopArrivals.swift */ = {isa = PBXFileReference; lastKnownFileType = sourcecode.swift; path = StopArrivals.swift; sourceTree = "<group>"; };
		85F2B056283A59B300800B72 /* TransportRoute.swift */ = {isa = PBXFileReference; lastKnownFileType = sourcecode.swift; path = TransportRoute.swift; sourceTree = "<group>"; };
		85F2B058283A59E100800B72 /* TransportStop.swift */ = {isa = PBXFileReference; lastKnownFileType = sourcecode.swift; path = TransportStop.swift; sourceTree = "<group>"; };
/* End PBXFileReference section */

/* Begin PBXFrameworksBuildPhase section */
		85A97F75283A4C6800937BCB /* Frameworks */ = {
			isa = PBXFrameworksBuildPhase;
			buildActionMask = 2147483647;
			files = (
			);
			runOnlyForDeploymentPostprocessing = 0;
		};
/* End PBXFrameworksBuildPhase section */

/* Begin PBXGroup section */
		850E8B69283A84E3001C1484 /* Configuration */ = {
			isa = PBXGroup;
			children = (
				850E8B6A283A84F3001C1484 /* Configuration.swift */,
			);
			path = Configuration;
			sourceTree = "<group>";
		};
		851F9E13283AA3A200AB8F13 /* DTOs */ = {
			isa = PBXGroup;
			children = (
				851F9E14283AA3C500AB8F13 /* TransportStopDTO.swift */,
				851F9E16283AA3EA00AB8F13 /* ArrivalDTO.swift */,
				851F9E18283AA46000AB8F13 /* StopArrivalsDTO.swift */,
			);
			path = DTOs;
			sourceTree = "<group>";
		};
		85A97F6F283A4C6800937BCB = {
			isa = PBXGroup;
			children = (
				85A97F7A283A4C6800937BCB /* IzhTransport */,
				85A97F79283A4C6800937BCB /* Products */,
			);
			sourceTree = "<group>";
		};
		85A97F79283A4C6800937BCB /* Products */ = {
			isa = PBXGroup;
			children = (
				85A97F78283A4C6800937BCB /* IzhTransport.app */,
			);
			name = Products;
			sourceTree = "<group>";
		};
		85A97F7A283A4C6800937BCB /* IzhTransport */ = {
			isa = PBXGroup;
			children = (
				851F9E13283AA3A200AB8F13 /* DTOs */,
				850E8B69283A84E3001C1484 /* Configuration */,
				85F2B04E283A55CE00800B72 /* Services */,
				85F2B04D283A550300800B72 /* Repositories */,
				85F2B04C283A54F500800B72 /* Models */,
				85F2B04B283A536A00800B72 /* ViewModels */,
				85F2B04A283A52F100800B72 /* Views */,
				85A97F7B283A4C6800937BCB /* IzhTransportApp.swift */,
				85A97F7F283A4C6B00937BCB /* Assets.xcassets */,
				850E8B64283A845D001C1484 /* Development.xcconfig */,
				850E8B65283A845D001C1484 /* Production.xcconfig */,
				850E8B68283A847A001C1484 /* Info.plist */,
				85A97F81283A4C6B00937BCB /* Preview Content */,
			);
			path = IzhTransport;
			sourceTree = "<group>";
		};
		85A97F81283A4C6B00937BCB /* Preview Content */ = {
			isa = PBXGroup;
			children = (
				85A97F82283A4C6B00937BCB /* Preview Assets.xcassets */,
			);
			path = "Preview Content";
			sourceTree = "<group>";
		};
		85F2B04A283A52F100800B72 /* Views */ = {
			isa = PBXGroup;
			children = (
				85A97F7D283A4C6800937BCB /* ContentView.swift */,
			);
			path = Views;
			sourceTree = "<group>";
		};
		85F2B04B283A536A00800B72 /* ViewModels */ = {
			isa = PBXGroup;
			children = (
			);
			path = ViewModels;
			sourceTree = "<group>";
		};
		85F2B04C283A54F500800B72 /* Models */ = {
			isa = PBXGroup;
			children = (
				85F2B050283A586100800B72 /* Enums.swift */,
				85F2B052283A591500800B72 /* Arrival.swift */,
				85F2B054283A597D00800B72 /* StopArrivals.swift */,
				85F2B056283A59B300800B72 /* TransportRoute.swift */,
				85F2B058283A59E100800B72 /* TransportStop.swift */,
			);
			path = Models;
			sourceTree = "<group>";
		};
		85F2B04D283A550300800B72 /* Repositories */ = {
			isa = PBXGroup;
			children = (
			);
			path = Repositories;
			sourceTree = "<group>";
		};
		85F2B04E283A55CE00800B72 /* Services */ = {
			isa = PBXGroup;
			children = (
				851F9E11283A8FBB00AB8F13 /* ScheduleService.swift */,
			);
			path = Services;
			sourceTree = "<group>";
		};
/* End PBXGroup section */

/* Begin PBXNativeTarget section */
		85A97F77283A4C6800937BCB /* IzhTransport */ = {
			isa = PBXNativeTarget;
			buildConfigurationList = 85A97F86283A4C6B00937BCB /* Build configuration list for PBXNativeTarget "IzhTransport" */;
			buildPhases = (
				85A97F74283A4C6800937BCB /* Sources */,
				85A97F75283A4C6800937BCB /* Frameworks */,
				85A97F76283A4C6800937BCB /* Resources */,
				85F2B049283A4EEB00800B72 /* ShellScript */,
			);
			buildRules = (
			);
			dependencies = (
			);
			name = IzhTransport;
			productName = IzhTransport;
			productReference = 85A97F78283A4C6800937BCB /* IzhTransport.app */;
			productType = "com.apple.product-type.application";
		};
/* End PBXNativeTarget section */

/* Begin PBXProject section */
		85A97F70283A4C6800937BCB /* Project object */ = {
			isa = PBXProject;
			attributes = {
				BuildIndependentTargetsInParallel = 1;
				LastSwiftUpdateCheck = 1330;
				LastUpgradeCheck = 1330;
				TargetAttributes = {
					85A97F77283A4C6800937BCB = {
						CreatedOnToolsVersion = 13.3;
					};
				};
			};
			buildConfigurationList = 85A97F73283A4C6800937BCB /* Build configuration list for PBXProject "IzhTransport" */;
			compatibilityVersion = "Xcode 13.0";
			developmentRegion = en;
			hasScannedForEncodings = 0;
			knownRegions = (
				en,
				Base,
			);
			mainGroup = 85A97F6F283A4C6800937BCB;
			productRefGroup = 85A97F79283A4C6800937BCB /* Products */;
			projectDirPath = "";
			projectRoot = "";
			targets = (
				85A97F77283A4C6800937BCB /* IzhTransport */,
			);
		};
/* End PBXProject section */

/* Begin PBXResourcesBuildPhase section */
		85A97F76283A4C6800937BCB /* Resources */ = {
			isa = PBXResourcesBuildPhase;
			buildActionMask = 2147483647;
			files = (
				850E8B66283A845D001C1484 /* Development.xcconfig in Resources */,
				850E8B67283A845D001C1484 /* Production.xcconfig in Resources */,
				85A97F83283A4C6B00937BCB /* Preview Assets.xcassets in Resources */,
				85A97F80283A4C6B00937BCB /* Assets.xcassets in Resources */,
			);
			runOnlyForDeploymentPostprocessing = 0;
		};
/* End PBXResourcesBuildPhase section */

/* Begin PBXShellScriptBuildPhase section */
		85F2B049283A4EEB00800B72 /* ShellScript */ = {
			isa = PBXShellScriptBuildPhase;
			buildActionMask = 2147483647;
			files = (
			);
			inputFileListPaths = (
			);
			inputPaths = (
			);
			outputFileListPaths = (
			);
			outputPaths = (
			);
			runOnlyForDeploymentPostprocessing = 0;
			shellPath = /bin/sh;
			shellScript = "export PATH=\"$PATH:/opt/homebrew/bin\"\nif which swiftlint > /dev/null; then\n  swiftlint\nelse\n  echo \"warning: SwiftLint not installed, download from https://github.com/realm/SwiftLint\"\nfi\n";
		};
/* End PBXShellScriptBuildPhase section */

/* Begin PBXSourcesBuildPhase section */
		85A97F74283A4C6800937BCB /* Sources */ = {
			isa = PBXSourcesBuildPhase;
			buildActionMask = 2147483647;
			files = (
				85A97F7E283A4C6800937BCB /* ContentView.swift in Sources */,
				851F9E17283AA3EA00AB8F13 /* ArrivalDTO.swift in Sources */,
				85F2B057283A59B300800B72 /* TransportRoute.swift in Sources */,
				85F2B053283A591500800B72 /* Arrival.swift in Sources */,
				851F9E15283AA3C500AB8F13 /* TransportStopDTO.swift in Sources */,
				851F9E12283A8FBB00AB8F13 /* ScheduleService.swift in Sources */,
				85F2B059283A59E100800B72 /* TransportStop.swift in Sources */,
				85A97F7C283A4C6800937BCB /* IzhTransportApp.swift in Sources */,
				85F2B051283A586100800B72 /* Enums.swift in Sources */,
				851F9E19283AA46000AB8F13 /* StopArrivalsDTO.swift in Sources */,
				850E8B6B283A84F3001C1484 /* Configuration.swift in Sources */,
				85F2B055283A597D00800B72 /* StopArrivals.swift in Sources */,
			);
			runOnlyForDeploymentPostprocessing = 0;
		};
/* End PBXSourcesBuildPhase section */

/* Begin XCBuildConfiguration section */
		85A97F84283A4C6B00937BCB /* Debug */ = {
			isa = XCBuildConfiguration;
			baseConfigurationReference = 850E8B64283A845D001C1484 /* Development.xcconfig */;
			buildSettings = {
				ALWAYS_SEARCH_USER_PATHS = NO;
				CLANG_ANALYZER_NONNULL = YES;
				CLANG_ANALYZER_NUMBER_OBJECT_CONVERSION = YES_AGGRESSIVE;
				CLANG_CXX_LANGUAGE_STANDARD = "gnu++17";
				CLANG_ENABLE_MODULES = YES;
				CLANG_ENABLE_OBJC_ARC = YES;
				CLANG_ENABLE_OBJC_WEAK = YES;
				CLANG_WARN_BLOCK_CAPTURE_AUTORELEASING = YES;
				CLANG_WARN_BOOL_CONVERSION = YES;
				CLANG_WARN_COMMA = YES;
				CLANG_WARN_CONSTANT_CONVERSION = YES;
				CLANG_WARN_DEPRECATED_OBJC_IMPLEMENTATIONS = YES;
				CLANG_WARN_DIRECT_OBJC_ISA_USAGE = YES_ERROR;
				CLANG_WARN_DOCUMENTATION_COMMENTS = YES;
				CLANG_WARN_EMPTY_BODY = YES;
				CLANG_WARN_ENUM_CONVERSION = YES;
				CLANG_WARN_INFINITE_RECURSION = YES;
				CLANG_WARN_INT_CONVERSION = YES;
				CLANG_WARN_NON_LITERAL_NULL_CONVERSION = YES;
				CLANG_WARN_OBJC_IMPLICIT_RETAIN_SELF = YES;
				CLANG_WARN_OBJC_LITERAL_CONVERSION = YES;
				CLANG_WARN_OBJC_ROOT_CLASS = YES_ERROR;
				CLANG_WARN_QUOTED_INCLUDE_IN_FRAMEWORK_HEADER = YES;
				CLANG_WARN_RANGE_LOOP_ANALYSIS = YES;
				CLANG_WARN_STRICT_PROTOTYPES = YES;
				CLANG_WARN_SUSPICIOUS_MOVE = YES;
				CLANG_WARN_UNGUARDED_AVAILABILITY = YES_AGGRESSIVE;
				CLANG_WARN_UNREACHABLE_CODE = YES;
				CLANG_WARN__DUPLICATE_METHOD_MATCH = YES;
				COPY_PHASE_STRIP = NO;
				DEBUG_INFORMATION_FORMAT = dwarf;
				ENABLE_STRICT_OBJC_MSGSEND = YES;
				ENABLE_TESTABILITY = YES;
				GCC_C_LANGUAGE_STANDARD = gnu11;
				GCC_DYNAMIC_NO_PIC = NO;
				GCC_NO_COMMON_BLOCKS = YES;
				GCC_OPTIMIZATION_LEVEL = 0;
				GCC_PREPROCESSOR_DEFINITIONS = (
					"DEBUG=1",
					"$(inherited)",
				);
				GCC_WARN_64_TO_32_BIT_CONVERSION = YES;
				GCC_WARN_ABOUT_RETURN_TYPE = YES_ERROR;
				GCC_WARN_UNDECLARED_SELECTOR = YES;
				GCC_WARN_UNINITIALIZED_AUTOS = YES_AGGRESSIVE;
				GCC_WARN_UNUSED_FUNCTION = YES;
				GCC_WARN_UNUSED_VARIABLE = YES;
				IPHONEOS_DEPLOYMENT_TARGET = 15.4;
				MTL_ENABLE_DEBUG_INFO = INCLUDE_SOURCE;
				MTL_FAST_MATH = YES;
				ONLY_ACTIVE_ARCH = YES;
				SDKROOT = iphoneos;
				SWIFT_ACTIVE_COMPILATION_CONDITIONS = DEBUG;
				SWIFT_OPTIMIZATION_LEVEL = "-Onone";
			};
			name = Debug;
		};
		85A97F85283A4C6B00937BCB /* Release */ = {
			isa = XCBuildConfiguration;
			baseConfigurationReference = 850E8B65283A845D001C1484 /* Production.xcconfig */;
			buildSettings = {
				ALWAYS_SEARCH_USER_PATHS = NO;
				CLANG_ANALYZER_NONNULL = YES;
				CLANG_ANALYZER_NUMBER_OBJECT_CONVERSION = YES_AGGRESSIVE;
				CLANG_CXX_LANGUAGE_STANDARD = "gnu++17";
				CLANG_ENABLE_MODULES = YES;
				CLANG_ENABLE_OBJC_ARC = YES;
				CLANG_ENABLE_OBJC_WEAK = YES;
				CLANG_WARN_BLOCK_CAPTURE_AUTORELEASING = YES;
				CLANG_WARN_BOOL_CONVERSION = YES;
				CLANG_WARN_COMMA = YES;
				CLANG_WARN_CONSTANT_CONVERSION = YES;
				CLANG_WARN_DEPRECATED_OBJC_IMPLEMENTATIONS = YES;
				CLANG_WARN_DIRECT_OBJC_ISA_USAGE = YES_ERROR;
				CLANG_WARN_DOCUMENTATION_COMMENTS = YES;
				CLANG_WARN_EMPTY_BODY = YES;
				CLANG_WARN_ENUM_CONVERSION = YES;
				CLANG_WARN_INFINITE_RECURSION = YES;
				CLANG_WARN_INT_CONVERSION = YES;
				CLANG_WARN_NON_LITERAL_NULL_CONVERSION = YES;
				CLANG_WARN_OBJC_IMPLICIT_RETAIN_SELF = YES;
				CLANG_WARN_OBJC_LITERAL_CONVERSION = YES;
				CLANG_WARN_OBJC_ROOT_CLASS = YES_ERROR;
				CLANG_WARN_QUOTED_INCLUDE_IN_FRAMEWORK_HEADER = YES;
				CLANG_WARN_RANGE_LOOP_ANALYSIS = YES;
				CLANG_WARN_STRICT_PROTOTYPES = YES;
				CLANG_WARN_SUSPICIOUS_MOVE = YES;
				CLANG_WARN_UNGUARDED_AVAILABILITY = YES_AGGRESSIVE;
				CLANG_WARN_UNREACHABLE_CODE = YES;
				CLANG_WARN__DUPLICATE_METHOD_MATCH = YES;
				COPY_PHASE_STRIP = NO;
				DEBUG_INFORMATION_FORMAT = "dwarf-with-dsym";
				ENABLE_NS_ASSERTIONS = NO;
				ENABLE_STRICT_OBJC_MSGSEND = YES;
				GCC_C_LANGUAGE_STANDARD = gnu11;
				GCC_NO_COMMON_BLOCKS = YES;
				GCC_WARN_64_TO_32_BIT_CONVERSION = YES;
				GCC_WARN_ABOUT_RETURN_TYPE = YES_ERROR;
				GCC_WARN_UNDECLARED_SELECTOR = YES;
				GCC_WARN_UNINITIALIZED_AUTOS = YES_AGGRESSIVE;
				GCC_WARN_UNUSED_FUNCTION = YES;
				GCC_WARN_UNUSED_VARIABLE = YES;
				IPHONEOS_DEPLOYMENT_TARGET = 15.4;
				MTL_ENABLE_DEBUG_INFO = NO;
				MTL_FAST_MATH = YES;
				SDKROOT = iphoneos;
				SWIFT_COMPILATION_MODE = wholemodule;
				SWIFT_OPTIMIZATION_LEVEL = "-O";
				VALIDATE_PRODUCT = YES;
			};
			name = Release;
		};
		85A97F87283A4C6B00937BCB /* Debug */ = {
			isa = XCBuildConfiguration;
			baseConfigurationReference = 850E8B64283A845D001C1484 /* Development.xcconfig */;
			buildSettings = {
				ASSETCATALOG_COMPILER_APPICON_NAME = AppIcon;
				ASSETCATALOG_COMPILER_GLOBAL_ACCENT_COLOR_NAME = AccentColor;
				CODE_SIGN_STYLE = Automatic;
				CURRENT_PROJECT_VERSION = 1;
				DEVELOPMENT_ASSET_PATHS = "\"IzhTransport/Preview Content\"";
				DEVELOPMENT_TEAM = NC9PAH879J;
				ENABLE_PREVIEWS = YES;
				GENERATE_INFOPLIST_FILE = YES;
				INFOPLIST_FILE = IzhTransport/Info.plist;
				INFOPLIST_KEY_LSApplicationCategoryType = "";
				INFOPLIST_KEY_UIApplicationSceneManifest_Generation = YES;
				INFOPLIST_KEY_UIApplicationSupportsIndirectInputEvents = YES;
				INFOPLIST_KEY_UILaunchScreen_Generation = YES;
				INFOPLIST_KEY_UISupportedInterfaceOrientations_iPad = "UIInterfaceOrientationPortrait UIInterfaceOrientationPortraitUpsideDown UIInterfaceOrientationLandscapeLeft UIInterfaceOrientationLandscapeRight";
				INFOPLIST_KEY_UISupportedInterfaceOrientations_iPhone = "UIInterfaceOrientationPortrait UIInterfaceOrientationLandscapeLeft UIInterfaceOrientationLandscapeRight";
				LD_RUNPATH_SEARCH_PATHS = (
					"$(inherited)",
					"@executable_path/Frameworks",
				);
				MARKETING_VERSION = 1.0;
				PRODUCT_BUNDLE_IDENTIFIER = com.nikitakaralius.IzhTransport;
				PRODUCT_NAME = "$(TARGET_NAME)";
				SWIFT_EMIT_LOC_STRINGS = YES;
				SWIFT_VERSION = 5.0;
				TARGETED_DEVICE_FAMILY = "1,2";
			};
			name = Debug;
		};
		85A97F88283A4C6B00937BCB /* Release */ = {
			isa = XCBuildConfiguration;
			baseConfigurationReference = 850E8B65283A845D001C1484 /* Production.xcconfig */;
			buildSettings = {
				ASSETCATALOG_COMPILER_APPICON_NAME = AppIcon;
				ASSETCATALOG_COMPILER_GLOBAL_ACCENT_COLOR_NAME = AccentColor;
				CODE_SIGN_STYLE = Automatic;
				CURRENT_PROJECT_VERSION = 1;
				DEVELOPMENT_ASSET_PATHS = "\"IzhTransport/Preview Content\"";
				DEVELOPMENT_TEAM = NC9PAH879J;
				ENABLE_PREVIEWS = YES;
				GENERATE_INFOPLIST_FILE = YES;
				INFOPLIST_FILE = IzhTransport/Info.plist;
				INFOPLIST_KEY_LSApplicationCategoryType = "";
				INFOPLIST_KEY_UIApplicationSceneManifest_Generation = YES;
				INFOPLIST_KEY_UIApplicationSupportsIndirectInputEvents = YES;
				INFOPLIST_KEY_UILaunchScreen_Generation = YES;
				INFOPLIST_KEY_UISupportedInterfaceOrientations_iPad = "UIInterfaceOrientationPortrait UIInterfaceOrientationPortraitUpsideDown UIInterfaceOrientationLandscapeLeft UIInterfaceOrientationLandscapeRight";
				INFOPLIST_KEY_UISupportedInterfaceOrientations_iPhone = "UIInterfaceOrientationPortrait UIInterfaceOrientationLandscapeLeft UIInterfaceOrientationLandscapeRight";
				LD_RUNPATH_SEARCH_PATHS = (
					"$(inherited)",
					"@executable_path/Frameworks",
				);
				MARKETING_VERSION = 1.0;
				PRODUCT_BUNDLE_IDENTIFIER = com.nikitakaralius.IzhTransport;
				PRODUCT_NAME = "$(TARGET_NAME)";
				SWIFT_EMIT_LOC_STRINGS = YES;
				SWIFT_VERSION = 5.0;
				TARGETED_DEVICE_FAMILY = "1,2";
			};
			name = Release;
		};
/* End XCBuildConfiguration section */

/* Begin XCConfigurationList section */
		85A97F73283A4C6800937BCB /* Build configuration list for PBXProject "IzhTransport" */ = {
			isa = XCConfigurationList;
			buildConfigurations = (
				85A97F84283A4C6B00937BCB /* Debug */,
				85A97F85283A4C6B00937BCB /* Release */,
			);
			defaultConfigurationIsVisible = 0;
			defaultConfigurationName = Release;
		};
		85A97F86283A4C6B00937BCB /* Build configuration list for PBXNativeTarget "IzhTransport" */ = {
			isa = XCConfigurationList;
			buildConfigurations = (
				85A97F87283A4C6B00937BCB /* Debug */,
				85A97F88283A4C6B00937BCB /* Release */,
			);
			defaultConfigurationIsVisible = 0;
			defaultConfigurationName = Release;
		};
/* End XCConfigurationList section */
	};
	rootObject = 85A97F70283A4C6800937BCB /* Project object */;
}
